<?xml version="1.0" encoding="utf-8"?>
<Project ToolsVersion="4.0" xmlns="http://schemas.microsoft.com/developer/msbuild/2003">
  <ItemGroup>
    <Filter Include="Header Files">
      <UniqueIdentifier>{387b97a9-bde6-4e19-847b-3137aab8772f}</UniqueIdentifier>
    </Filter>
    <Filter Include="Source Files">
      <UniqueIdentifier>{b540c7fb-11ee-4b2f-b0cf-0de27ff47c33}</UniqueIdentifier>
    </Filter>
    <Filter Include="TwinCAT RT Files">
      <UniqueIdentifier>{976c8451-a722-4b2c-8e4f-46f6bc8a6d3e}</UniqueIdentifier>
    </Filter>
    <Filter Include="TwinCAT OS Files">
      <UniqueIdentifier>{2f1be8f8-59c9-4788-92b9-0863bbb87dd4}</UniqueIdentifier>
    </Filter>
    <Filter Include="TMC Files">
      <UniqueIdentifier>{c086e686-deb8-4077-b1ef-bb9c5b0d67e1}</UniqueIdentifier>
    </Filter>
    <Filter Include="Legacy C Code">
      <UniqueIdentifier>{7f3d92c1-4e8a-4b6f-9c2d-5a1e8f0b3c47}</UniqueIdentifier>
    </Filter>
  </ItemGroup>
  <ItemGroup>
    <ClInclude Include="TcPch.h">
      <Filter>Header Files</Filter>
    </ClInclude>
    <ClInclude Include="MyCPP_VersionedClassFactory.h">
      <Filter>Header Files</Filter>
    </ClInclude>
    <ClInclude Include="MyCPP_VersionedInterfaces.h">
      <Filter>Header Files</Filter>
    </ClInclude>
    <ClInclude Include="MyCPP_VersionedServices.h">
      <Filter>Header Files</Filter>
    </ClInclude>
    <ClInclude Include="MyCPP_VersionedDriver.h">
      <Filter>TwinCAT RT Files</Filter>
    </ClInclude>
    <ClInclude Include="CallClassicC.h">
      <Filter>Header Files</Filter>
    </ClInclude>
    <ClInclude Include="legacy\legacy_pid.h">
      <Filter>Legacy C Code</Filter>
    </ClInclude>
    <ClInclude Include="legacy\legacy_temp_seq.h">
      <Filter>Legacy C Code</Filter>
    </ClInclude>
  </ItemGroup>
  <ItemGroup>
    <ClCompile Include="TcPch.cpp">
      <Filter>Source Files</Filter>
    </ClCompile>
    <ClCompile Include="MyCPP_VersionedClassFactory.cpp">
      <Filter>Source Files</Filter>
    </ClCompile>
    <ClCompile Include="MyCPP_VersionedDriver.cpp">
      <Filter>TwinCAT RT Files</Filter>
    </ClCompile>
    <ClCompile Include="MyCPP_VersionedMain.cpp">
      <Filter>TwinCAT OS Files</Filter>
    </ClCompile>
    <ClCompile Include="CallClassicC.cpp">
      <Filter>Source Files</Filter>
    </ClCompile>
    <ClCompile Include="legacy\legacy_pid.c">
      <Filter>Legacy C Code</Filter>
    </ClCompile>
    <ClCompile Include="legacy\legacy_temp_seq.c">
      <Filter>Legacy C Code</Filter>
    </ClCompile>
  </ItemGroup>
  <ItemGroup>
    <ResourceCompile Include="MyCPP_Versioned.rc">
      <Filter>Source Files</Filter>
    </ResourceCompile>
  </ItemGroup>
  <ItemGroup>
    <None Include="MyCPP_Versioned.tmc">
      <Filter>TMC Files</Filter>
    </None>
  </ItemGroup>
</Project>